
Microsoft Visual Studio Solution File, Format Version 12.00
# Visual Studio Version 17
VisualStudioVersion = 17.5.002.0
MinimumVisualStudioVersion = 10.0.40219.1
Project("{9A19103F-16F7-4668-BE54-9A1E7A4F7556}") = "Mine", "Mine.csproj", "{FA28EFD7-FBCC-4FF5-9C38-5808647D434C}"
EndProject
Global
	GlobalSection(SolutionConfigurationPlatforms) = preSolution
		Debug|Any CPU = Debug|Any CPU
		Release|Any CPU = Release|Any CPU
	EndGlobalSection
	GlobalSection(ProjectConfigurationPlatforms) = postSolution
		{FA28EFD7-FBCC-4FF5-9C38-5808647D434C}.Debug|Any CPU.ActiveCfg = Debug|Any CPU
		{FA28EFD7-FBCC-4FF5-9C38-5808647D434C}.Debug|Any CPU.Build.0 = Debug|Any CPU
		{FA28EFD7-FBCC-4FF5-9C38-5808647D434C}.Release|Any CPU.ActiveCfg = Release|Any CPU
		{FA28EFD7-FBCC-4FF5-9C38-5808647D434C}.Release|Any CPU.Build.0 = Release|Any CPU
	EndGlobalSection
	GlobalSection(SolutionProperties) = preSolution
		HideSolutionNode = FALSE
	EndGlobalSection
	GlobalSection(ExtensibilityGlobals) = postSolution
		SolutionGuid = {0FDD2CEB-63E9-4C17-B74A-550C1A012D1C}
	EndGlobalSection
EndGlobal
